
Microsoft Visual Studio Solution File, Format Version 12.00
# Visual Studio Version 16
VisualStudioVersion = 16.0.30517.126
MinimumVisualStudioVersion = 10.0.40219.1
Project("{FAE04EC0-301F-11D3-BF4B-00C04F79EFBC}") = "WorkerServicePoC", "WorkerServicePoC\WorkerServicePoC.csproj", "{94B4C3A8-6422-4CC5-BC8D-9CEC7DE63BC4}"
EndProject
Global
	GlobalSection(SolutionConfigurationPlatforms) = preSolution
		Debug|Any CPU = Debug|Any CPU
		Release|Any CPU = Release|Any CPU
	EndGlobalSection
	GlobalSection(ProjectConfigurationPlatforms) = postSolution
		{94B4C3A8-6422-4CC5-BC8D-9CEC7DE63BC4}.Debug|Any CPU.ActiveCfg = Debug|Any CPU
		{94B4C3A8-6422-4CC5-BC8D-9CEC7DE63BC4}.Debug|Any CPU.Build.0 = Debug|Any CPU
		{94B4C3A8-6422-4CC5-BC8D-9CEC7DE63BC4}.Release|Any CPU.ActiveCfg = Release|Any CPU
		{94B4C3A8-6422-4CC5-BC8D-9CEC7DE63BC4}.Release|Any CPU.Build.0 = Release|Any CPU
	EndGlobalSection
	GlobalSection(SolutionProperties) = preSolution
		HideSolutionNode = FALSE
	EndGlobalSection
	GlobalSection(ExtensibilityGlobals) = postSolution
		SolutionGuid = {41E3AFE7-0964-4395-B427-14E25B9AD370}
	EndGlobalSection
EndGlobal
